
Microsoft Visual Studio Solution File, Format Version 12.00
# Visual Studio Version 17
VisualStudioVersion = 17.2.32630.192
MinimumVisualStudioVersion = 10.0.40219.1
Project("{FAE04EC0-301F-11D3-BF4B-00C04F79EFBC}") = "Shop", "Shop\Shop.csproj", "{847FADF6-8914-4011-BCB7-C38F4791CB71}"
EndProject
Global
	GlobalSection(SolutionConfigurationPlatforms) = preSolution
		Debug|Any CPU = Debug|Any CPU
		Release|Any CPU = Release|Any CPU
	EndGlobalSection
	GlobalSection(ProjectConfigurationPlatforms) = postSolution
		{847FADF6-8914-4011-BCB7-C38F4791CB71}.Debug|Any CPU.ActiveCfg = Debug|Any CPU
		{847FADF6-8914-4011-BCB7-C38F4791CB71}.Debug|Any CPU.Build.0 = Debug|Any CPU
		{847FADF6-8914-4011-BCB7-C38F4791CB71}.Release|Any CPU.ActiveCfg = Release|Any CPU
		{847FADF6-8914-4011-BCB7-C38F4791CB71}.Release|Any CPU.Build.0 = Release|Any CPU
	EndGlobalSection
	GlobalSection(SolutionProperties) = preSolution
		HideSolutionNode = FALSE
	EndGlobalSection
	GlobalSection(ExtensibilityGlobals) = postSolution
		SolutionGuid = {AD8A2EC8-3E4E-4FDE-A7EC-AAD2E8BB8450}
	EndGlobalSection
EndGlobal
